# This file is autogenerated, do not edit; changes may be undone by the next 'dep ensure'.


[[projects]]
  digest = "1:ab0205ea4dc99240eb7caeae2011cfaaf63d2d940059ba44fdeed44f231b0378"
  name = "github.com/faiface/beep"
  packages = ["."]
  pruneopts = "UT"
  revision = "5c57cb8071b7dacd7cfe56a503175e3240758e4f"
  version = "v1.0.1"

[[projects]]
  branch = "master"
  digest = "1:f8d9a774860b247f8a362b93ed1acc1c0db88c27ef5510c7428168c067f3301b"
  name = "github.com/go-gl/gl"
  packages = ["v4.1-core/gl"]
  pruneopts = "UT"
  revision = "55b76b7df9d25d70b63e31a767f47158292b85d8"

[[projects]]
  branch = "master"
  digest = "1:a84997e52203446d4a7ebf6876923db94e40c178322d10666271345e2bc04e4f"
  name = "github.com/go-gl/glfw"
  packages = ["v3.2/glfw"]
  pruneopts = "UT"
  revision = "93b30450e03279f638f2dba4f79488d7c6148ff8"

[solve-meta]
  analyzer-name = "dep"
  analyzer-version = 1
  input-imports = [
    "github.com/faiface/beep",
    "github.com/go-gl/gl/v4.1-core/gl",
    "github.com/go-gl/glfw/v3.2/glfw",
  ]
  solver-name = "gps-cdcl"
  solver-version = 1
